
Microsoft Visual Studio Solution File, Format Version 12.00
Project("{2150E333-8FDC-42A3-9474-1A3956D46DE8}") = "src", "src", "{7BA8F556-4765-4277-891C-36220F6673A0}"
EndProject
Project("{2150E333-8FDC-42A3-9474-1A3956D46DE8}") = "solution items", "solution items", "{E54C917F-E192-451C-B58F-1C0B29728ABB}"
	ProjectSection(SolutionItems) = preProject
		LICENSE = LICENSE
		README.md = README.md
	EndProjectSection
EndProject
Project("{FAE04EC0-301F-11D3-BF4B-00C04F79EFBC}") = "Expensely.Swagger", "src\Expensely.Swagger\Expensely.Swagger.csproj", "{B50A21C6-06E7-44E8-B494-860F3AE5580C}"
EndProject
Global
	GlobalSection(SolutionConfigurationPlatforms) = preSolution
		Debug|Any CPU = Debug|Any CPU
		Release|Any CPU = Release|Any CPU
	EndGlobalSection
	GlobalSection(NestedProjects) = preSolution
		{B50A21C6-06E7-44E8-B494-860F3AE5580C} = {7BA8F556-4765-4277-891C-36220F6673A0}
	EndGlobalSection
	GlobalSection(ProjectConfigurationPlatforms) = postSolution
		{B50A21C6-06E7-44E8-B494-860F3AE5580C}.Debug|Any CPU.ActiveCfg = Debug|Any CPU
		{B50A21C6-06E7-44E8-B494-860F3AE5580C}.Debug|Any CPU.Build.0 = Debug|Any CPU
		{B50A21C6-06E7-44E8-B494-860F3AE5580C}.Release|Any CPU.ActiveCfg = Release|Any CPU
		{B50A21C6-06E7-44E8-B494-860F3AE5580C}.Release|Any CPU.Build.0 = Release|Any CPU
	EndGlobalSection
EndGlobal
